// !$*UTF8*$!
{
	archiveVersion = 1;
	classes = {
	};
	objectVersion = 52;
	objects = {

/* Begin PBXBuildFile section */
		D0F1D24423F18EB900194E58 /* GridStackExampleWatchOS WatchKit App.app in Embed Watch Content */ = {isa = PBXBuildFile; fileRef = D0F1D24323F18EB900194E58 /* GridStackExampleWatchOS WatchKit App.app */; settings = {ATTRIBUTES = (RemoveHeadersOnCopy, ); }; };
		D0F1D24A23F18EB900194E58 /* Interface.storyboard in Resources */ = {isa = PBXBuildFile; fileRef = D0F1D24823F18EB900194E58 /* Interface.storyboard */; };
		D0F1D24C23F18EBA00194E58 /* Assets.xcassets in Resources */ = {isa = PBXBuildFile; fileRef = D0F1D24B23F18EBA00194E58 /* Assets.xcassets */; };
		D0F1D25323F18EBB00194E58 /* GridStackExampleWatchOS WatchKit Extension.appex in Embed App Extensions */ = {isa = PBXBuildFile; fileRef = D0F1D25223F18EBB00194E58 /* GridStackExampleWatchOS WatchKit Extension.appex */; settings = {ATTRIBUTES = (RemoveHeadersOnCopy, ); }; };
		D0F1D25823F18EBB00194E58 /* ContentView.swift in Sources */ = {isa = PBXBuildFile; fileRef = D0F1D25723F18EBB00194E58 /* ContentView.swift */; };
		D0F1D25A23F18EBB00194E58 /* HostingController.swift in Sources */ = {isa = PBXBuildFile; fileRef = D0F1D25923F18EBB00194E58 /* HostingController.swift */; };
		D0F1D25C23F18EBB00194E58 /* ExtensionDelegate.swift in Sources */ = {isa = PBXBuildFile; fileRef = D0F1D25B23F18EBB00194E58 /* ExtensionDelegate.swift */; };
		D0F1D25E23F18EBB00194E58 /* Assets.xcassets in Resources */ = {isa = PBXBuildFile; fileRef = D0F1D25D23F18EBB00194E58 /* Assets.xcassets */; };
		D0F1D26123F18EBB00194E58 /* Preview Assets.xcassets in Resources */ = {isa = PBXBuildFile; fileRef = D0F1D26023F18EBB00194E58 /* Preview Assets.xcassets */; };
		D0F1D27323F18F3F00194E58 /* GridStack in Frameworks */ = {isa = PBXBuildFile; productRef = D0F1D27223F18F3F00194E58 /* GridStack */; };
/* End PBXBuildFile section */

/* Begin PBXContainerItemProxy section */
		D0F1D24523F18EB900194E58 /* PBXContainerItemProxy */ = {
			isa = PBXContainerItemProxy;
			containerPortal = D0F1D23923F18EB800194E58 /* Project object */;
			proxyType = 1;
			remoteGlobalIDString = D0F1D24223F18EB900194E58;
			remoteInfo = "GridStackExampleWatchOS WatchKit App";
		};
		D0F1D25423F18EBB00194E58 /* PBXContainerItemProxy */ = {
			isa = PBXContainerItemProxy;
			containerPortal = D0F1D23923F18EB800194E58 /* Project object */;
			proxyType = 1;
			remoteGlobalIDString = D0F1D25123F18EBB00194E58;
			remoteInfo = "GridStackExampleWatchOS WatchKit Extension";
		};
/* End PBXContainerItemProxy section */

/* Begin PBXCopyFilesBuildPhase section */
		D0F1D26823F18EBB00194E58 /* Embed App Extensions */ = {
			isa = PBXCopyFilesBuildPhase;
			buildActionMask = 2147483647;
			dstPath = "";
			dstSubfolderSpec = 13;
			files = (
				D0F1D25323F18EBB00194E58 /* GridStackExampleWatchOS WatchKit Extension.appex in Embed App Extensions */,
			);
			name = "Embed App Extensions";
			runOnlyForDeploymentPostprocessing = 0;
		};
		D0F1D26C23F18EBB00194E58 /* Embed Watch Content */ = {
			isa = PBXCopyFilesBuildPhase;
			buildActionMask = 2147483647;
			dstPath = "$(CONTENTS_FOLDER_PATH)/Watch";
			dstSubfolderSpec = 16;
			files = (
				D0F1D24423F18EB900194E58 /* GridStackExampleWatchOS WatchKit App.app in Embed Watch Content */,
			);
			name = "Embed Watch Content";
			runOnlyForDeploymentPostprocessing = 0;
		};
/* End PBXCopyFilesBuildPhase section */

/* Begin PBXFileReference section */
		D0F1D23F23F18EB800194E58 /* GridStackExampleWatchOS.app */ = {isa = PBXFileReference; explicitFileType = wrapper.application; includeInIndex = 0; path = GridStackExampleWatchOS.app; sourceTree = BUILT_PRODUCTS_DIR; };
		D0F1D24323F18EB900194E58 /* GridStackExampleWatchOS WatchKit App.app */ = {isa = PBXFileReference; explicitFileType = wrapper.application; includeInIndex = 0; path = "GridStackExampleWatchOS WatchKit App.app"; sourceTree = BUILT_PRODUCTS_DIR; };
		D0F1D24923F18EB900194E58 /* Base */ = {isa = PBXFileReference; lastKnownFileType = file.storyboard; name = Base; path = Base.lproj/Interface.storyboard; sourceTree = "<group>"; };
		D0F1D24B23F18EBA00194E58 /* Assets.xcassets */ = {isa = PBXFileReference; lastKnownFileType = folder.assetcatalog; path = Assets.xcassets; sourceTree = "<group>"; };
		D0F1D24D23F18EBA00194E58 /* Info.plist */ = {isa = PBXFileReference; lastKnownFileType = text.plist.xml; path = Info.plist; sourceTree = "<group>"; };
		D0F1D25223F18EBB00194E58 /* GridStackExampleWatchOS WatchKit Extension.appex */ = {isa = PBXFileReference; explicitFileType = "wrapper.app-extension"; includeInIndex = 0; path = "GridStackExampleWatchOS WatchKit Extension.appex"; sourceTree = BUILT_PRODUCTS_DIR; };
		D0F1D25723F18EBB00194E58 /* ContentView.swift */ = {isa = PBXFileReference; lastKnownFileType = sourcecode.swift; path = ContentView.swift; sourceTree = "<group>"; };
		D0F1D25923F18EBB00194E58 /* HostingController.swift */ = {isa = PBXFileReference; lastKnownFileType = sourcecode.swift; path = HostingController.swift; sourceTree = "<group>"; };
		D0F1D25B23F18EBB00194E58 /* ExtensionDelegate.swift */ = {isa = PBXFileReference; lastKnownFileType = sourcecode.swift; path = ExtensionDelegate.swift; sourceTree = "<group>"; };
		D0F1D25D23F18EBB00194E58 /* Assets.xcassets */ = {isa = PBXFileReference; lastKnownFileType = folder.assetcatalog; path = Assets.xcassets; sourceTree = "<group>"; };
		D0F1D26023F18EBB00194E58 /* Preview Assets.xcassets */ = {isa = PBXFileReference; lastKnownFileType = folder.assetcatalog; path = "Preview Assets.xcassets"; sourceTree = "<group>"; };
		D0F1D26223F18EBB00194E58 /* Info.plist */ = {isa = PBXFileReference; lastKnownFileType = text.plist.xml; path = Info.plist; sourceTree = "<group>"; };
		D0F1D27023F18F0000194E58 /* GridStack */ = {isa = PBXFileReference; lastKnownFileType = folder; name = GridStack; path = ../../..; sourceTree = "<group>"; };
/* End PBXFileReference section */

/* Begin PBXFrameworksBuildPhase section */
		D0F1D24F23F18EBB00194E58 /* Frameworks */ = {
			isa = PBXFrameworksBuildPhase;
			buildActionMask = 2147483647;
			files = (
				D0F1D27323F18F3F00194E58 /* GridStack in Frameworks */,
			);
			runOnlyForDeploymentPostprocessing = 0;
		};
/* End PBXFrameworksBuildPhase section */

/* Begin PBXGroup section */
		D0F1D23823F18EB800194E58 = {
			isa = PBXGroup;
			children = (
				D0F1D24723F18EB900194E58 /* GridStackExampleWatchOS WatchKit App */,
				D0F1D25623F18EBB00194E58 /* GridStackExampleWatchOS WatchKit Extension */,
				D0F1D27023F18F0000194E58 /* GridStack */,
				D0F1D24023F18EB800194E58 /* Products */,
				D0F1D27123F18F3F00194E58 /* Frameworks */,
			);
			sourceTree = "<group>";
		};
		D0F1D24023F18EB800194E58 /* Products */ = {
			isa = PBXGroup;
			children = (
				D0F1D23F23F18EB800194E58 /* GridStackExampleWatchOS.app */,
				D0F1D24323F18EB900194E58 /* GridStackExampleWatchOS WatchKit App.app */,
				D0F1D25223F18EBB00194E58 /* GridStackExampleWatchOS WatchKit Extension.appex */,
			);
			name = Products;
			sourceTree = "<group>";
		};
		D0F1D24723F18EB900194E58 /* GridStackExampleWatchOS WatchKit App */ = {
			isa = PBXGroup;
			children = (
				D0F1D24823F18EB900194E58 /* Interface.storyboard */,
				D0F1D24B23F18EBA00194E58 /* Assets.xcassets */,
				D0F1D24D23F18EBA00194E58 /* Info.plist */,
			);
			path = "GridStackExampleWatchOS WatchKit App";
			sourceTree = "<group>";
		};
		D0F1D25623F18EBB00194E58 /* GridStackExampleWatchOS WatchKit Extension */ = {
			isa = PBXGroup;
			children = (
				D0F1D25723F18EBB00194E58 /* ContentView.swift */,
				D0F1D25923F18EBB00194E58 /* HostingController.swift */,
				D0F1D25B23F18EBB00194E58 /* ExtensionDelegate.swift */,
				D0F1D25D23F18EBB00194E58 /* Assets.xcassets */,
				D0F1D26223F18EBB00194E58 /* Info.plist */,
				D0F1D25F23F18EBB00194E58 /* Preview Content */,
			);
			path = "GridStackExampleWatchOS WatchKit Extension";
			sourceTree = "<group>";
		};
		D0F1D25F23F18EBB00194E58 /* Preview Content */ = {
			isa = PBXGroup;
			children = (
				D0F1D26023F18EBB00194E58 /* Preview Assets.xcassets */,
			);
			path = "Preview Content";
			sourceTree = "<group>";
		};
		D0F1D27123F18F3F00194E58 /* Frameworks */ = {
			isa = PBXGroup;
			children = (
			);
			name = Frameworks;
			sourceTree = "<group>";
		};
/* End PBXGroup section */

/* Begin PBXNativeTarget section */
		D0F1D23E23F18EB800194E58 /* GridStackExampleWatchOS */ = {
			isa = PBXNativeTarget;
			buildConfigurationList = D0F1D26D23F18EBB00194E58 /* Build configuration list for PBXNativeTarget "GridStackExampleWatchOS" */;
			buildPhases = (
				D0F1D23D23F18EB800194E58 /* Resources */,
				D0F1D26C23F18EBB00194E58 /* Embed Watch Content */,
			);
			buildRules = (
			);
			dependencies = (
				D0F1D24623F18EB900194E58 /* PBXTargetDependency */,
			);
			name = GridStackExampleWatchOS;
			productName = GridStackExampleWatchOS;
			productReference = D0F1D23F23F18EB800194E58 /* GridStackExampleWatchOS.app */;
			productType = "com.apple.product-type.application.watchapp2-container";
		};
		D0F1D24223F18EB900194E58 /* GridStackExampleWatchOS WatchKit App */ = {
			isa = PBXNativeTarget;
			buildConfigurationList = D0F1D26923F18EBB00194E58 /* Build configuration list for PBXNativeTarget "GridStackExampleWatchOS WatchKit App" */;
			buildPhases = (
				D0F1D24123F18EB900194E58 /* Resources */,
				D0F1D26823F18EBB00194E58 /* Embed App Extensions */,
			);
			buildRules = (
			);
			dependencies = (
				D0F1D25523F18EBB00194E58 /* PBXTargetDependency */,
			);
			name = "GridStackExampleWatchOS WatchKit App";
			productName = "GridStackExampleWatchOS WatchKit App";
			productReference = D0F1D24323F18EB900194E58 /* GridStackExampleWatchOS WatchKit App.app */;
			productType = "com.apple.product-type.application.watchapp2";
		};
		D0F1D25123F18EBB00194E58 /* GridStackExampleWatchOS WatchKit Extension */ = {
			isa = PBXNativeTarget;
			buildConfigurationList = D0F1D26523F18EBB00194E58 /* Build configuration list for PBXNativeTarget "GridStackExampleWatchOS WatchKit Extension" */;
			buildPhases = (
				D0F1D24E23F18EBB00194E58 /* Sources */,
				D0F1D24F23F18EBB00194E58 /* Frameworks */,
				D0F1D25023F18EBB00194E58 /* Resources */,
			);
			buildRules = (
			);
			dependencies = (
			);
			name = "GridStackExampleWatchOS WatchKit Extension";
			packageProductDependencies = (
				D0F1D27223F18F3F00194E58 /* GridStack */,
			);
			productName = "GridStackExampleWatchOS WatchKit Extension";
			productReference = D0F1D25223F18EBB00194E58 /* GridStackExampleWatchOS WatchKit Extension.appex */;
			productType = "com.apple.product-type.watchkit2-extension";
		};
/* End PBXNativeTarget section */

/* Begin PBXProject section */
		D0F1D23923F18EB800194E58 /* Project object */ = {
			isa = PBXProject;
			attributes = {
				LastSwiftUpdateCheck = 1130;
				LastUpgradeCheck = 1130;
				ORGANIZATIONNAME = "Peter Minarik";
				TargetAttributes = {
					D0F1D23E23F18EB800194E58 = {
						CreatedOnToolsVersion = 11.3.1;
					};
					D0F1D24223F18EB900194E58 = {
						CreatedOnToolsVersion = 11.3.1;
					};
					D0F1D25123F18EBB00194E58 = {
						CreatedOnToolsVersion = 11.3.1;
					};
				};
			};
			buildConfigurationList = D0F1D23C23F18EB800194E58 /* Build configuration list for PBXProject "GridStackExampleWatchOS" */;
			compatibilityVersion = "Xcode 9.3";
			developmentRegion = en;
			hasScannedForEncodings = 0;
			knownRegions = (
				en,
				Base,
			);
			mainGroup = D0F1D23823F18EB800194E58;
			productRefGroup = D0F1D24023F18EB800194E58 /* Products */;
			projectDirPath = "";
			projectRoot = "";
			targets = (
				D0F1D23E23F18EB800194E58 /* GridStackExampleWatchOS */,
				D0F1D24223F18EB900194E58 /* GridStackExampleWatchOS WatchKit App */,
				D0F1D25123F18EBB00194E58 /* GridStackExampleWatchOS WatchKit Extension */,
			);
		};
/* End PBXProject section */

/* Begin PBXResourcesBuildPhase section */
		D0F1D23D23F18EB800194E58 /* Resources */ = {
			isa = PBXResourcesBuildPhase;
			buildActionMask = 2147483647;
			files = (
			);
			runOnlyForDeploymentPostprocessing = 0;
		};
		D0F1D24123F18EB900194E58 /* Resources */ = {
			isa = PBXResourcesBuildPhase;
			buildActionMask = 2147483647;
			files = (
				D0F1D24C23F18EBA00194E58 /* Assets.xcassets in Resources */,
				D0F1D24A23F18EB900194E58 /* Interface.storyboard in Resources */,
			);
			runOnlyForDeploymentPostprocessing = 0;
		};
		D0F1D25023F18EBB00194E58 /* Resources */ = {
			isa = PBXResourcesBuildPhase;
			buildActionMask = 2147483647;
			files = (
				D0F1D26123F18EBB00194E58 /* Preview Assets.xcassets in Resources */,
				D0F1D25E23F18EBB00194E58 /* Assets.xcassets in Resources */,
			);
			runOnlyForDeploymentPostprocessing = 0;
		};
/* End PBXResourcesBuildPhase section */

/* Begin PBXSourcesBuildPhase section */
		D0F1D24E23F18EBB00194E58 /* Sources */ = {
			isa = PBXSourcesBuildPhase;
			buildActionMask = 2147483647;
			files = (
				D0F1D25A23F18EBB00194E58 /* HostingController.swift in Sources */,
				D0F1D25823F18EBB00194E58 /* ContentView.swift in Sources */,
				D0F1D25C23F18EBB00194E58 /* ExtensionDelegate.swift in Sources */,
			);
			runOnlyForDeploymentPostprocessing = 0;
		};
/* End PBXSourcesBuildPhase section */

/* Begin PBXTargetDependency section */
		D0F1D24623F18EB900194E58 /* PBXTargetDependency */ = {
			isa = PBXTargetDependency;
			target = D0F1D24223F18EB900194E58 /* GridStackExampleWatchOS WatchKit App */;
			targetProxy = D0F1D24523F18EB900194E58 /* PBXContainerItemProxy */;
		};
		D0F1D25523F18EBB00194E58 /* PBXTargetDependency */ = {
			isa = PBXTargetDependency;
			target = D0F1D25123F18EBB00194E58 /* GridStackExampleWatchOS WatchKit Extension */;
			targetProxy = D0F1D25423F18EBB00194E58 /* PBXContainerItemProxy */;
		};
/* End PBXTargetDependency section */

/* Begin PBXVariantGroup section */
		D0F1D24823F18EB900194E58 /* Interface.storyboard */ = {
			isa = PBXVariantGroup;
			children = (
				D0F1D24923F18EB900194E58 /* Base */,
			);
			name = Interface.storyboard;
			sourceTree = "<group>";
		};
/* End PBXVariantGroup section */

/* Begin XCBuildConfiguration section */
		D0F1D26323F18EBB00194E58 /* Debug */ = {
			isa = XCBuildConfiguration;
			buildSettings = {
				ALWAYS_SEARCH_USER_PATHS = NO;
				CLANG_ANALYZER_NONNULL = YES;
				CLANG_ANALYZER_NUMBER_OBJECT_CONVERSION = YES_AGGRESSIVE;
				CLANG_CXX_LANGUAGE_STANDARD = "gnu++14";
				CLANG_CXX_LIBRARY = "libc++";
				CLANG_ENABLE_MODULES = YES;
				CLANG_ENABLE_OBJC_ARC = YES;
				CLANG_ENABLE_OBJC_WEAK = YES;
				CLANG_WARN_BLOCK_CAPTURE_AUTORELEASING = YES;
				CLANG_WARN_BOOL_CONVERSION = YES;
				CLANG_WARN_COMMA = YES;
				CLANG_WARN_CONSTANT_CONVERSION = YES;
				CLANG_WARN_DEPRECATED_OBJC_IMPLEMENTATIONS = YES;
				CLANG_WARN_DIRECT_OBJC_ISA_USAGE = YES_ERROR;
				CLANG_WARN_DOCUMENTATION_COMMENTS = YES;
				CLANG_WARN_EMPTY_BODY = YES;
				CLANG_WARN_ENUM_CONVERSION = YES;
				CLANG_WARN_INFINITE_RECURSION = YES;
				CLANG_WARN_INT_CONVERSION = YES;
				CLANG_WARN_NON_LITERAL_NULL_CONVERSION = YES;
				CLANG_WARN_OBJC_IMPLICIT_RETAIN_SELF = YES;
				CLANG_WARN_OBJC_LITERAL_CONVERSION = YES;
				CLANG_WARN_OBJC_ROOT_CLASS = YES_ERROR;
				CLANG_WARN_RANGE_LOOP_ANALYSIS = YES;
				CLANG_WARN_STRICT_PROTOTYPES = YES;
				CLANG_WARN_SUSPICIOUS_MOVE = YES;
				CLANG_WARN_UNGUARDED_AVAILABILITY = YES_AGGRESSIVE;
				CLANG_WARN_UNREACHABLE_CODE = YES;
				CLANG_WARN__DUPLICATE_METHOD_MATCH = YES;
				COPY_PHASE_STRIP = NO;
				DEBUG_INFORMATION_FORMAT = dwarf;
				ENABLE_STRICT_OBJC_MSGSEND = YES;
				ENABLE_TESTABILITY = YES;
				GCC_C_LANGUAGE_STANDARD = gnu11;
				GCC_DYNAMIC_NO_PIC = NO;
				GCC_NO_COMMON_BLOCKS = YES;
				GCC_OPTIMIZATION_LEVEL = 0;
				GCC_PREPROCESSOR_DEFINITIONS = (
					"DEBUG=1",
					"$(inherited)",
				);
				GCC_WARN_64_TO_32_BIT_CONVERSION = YES;
				GCC_WARN_ABOUT_RETURN_TYPE = YES_ERROR;
				GCC_WARN_UNDECLARED_SELECTOR = YES;
				GCC_WARN_UNINITIALIZED_AUTOS = YES_AGGRESSIVE;
				GCC_WARN_UNUSED_FUNCTION = YES;
				GCC_WARN_UNUSED_VARIABLE = YES;
				MTL_ENABLE_DEBUG_INFO = INCLUDE_SOURCE;
				MTL_FAST_MATH = YES;
				ONLY_ACTIVE_ARCH = YES;
				SDKROOT = iphoneos;
				SWIFT_ACTIVE_COMPILATION_CONDITIONS = DEBUG;
				SWIFT_OPTIMIZATION_LEVEL = "-Onone";
			};
			name = Debug;
		};
		D0F1D26423F18EBB00194E58 /* Release */ = {
			isa = XCBuildConfiguration;
			buildSettings = {
				ALWAYS_SEARCH_USER_PATHS = NO;
				CLANG_ANALYZER_NONNULL = YES;
				CLANG_ANALYZER_NUMBER_OBJECT_CONVERSION = YES_AGGRESSIVE;
				CLANG_CXX_LANGUAGE_STANDARD = "gnu++14";
				CLANG_CXX_LIBRARY = "libc++";
				CLANG_ENABLE_MODULES = YES;
				CLANG_ENABLE_OBJC_ARC = YES;
				CLANG_ENABLE_OBJC_WEAK = YES;
				CLANG_WARN_BLOCK_CAPTURE_AUTORELEASING = YES;
				CLANG_WARN_BOOL_CONVERSION = YES;
				CLANG_WARN_COMMA = YES;
				CLANG_WARN_CONSTANT_CONVERSION = YES;
				CLANG_WARN_DEPRECATED_OBJC_IMPLEMENTATIONS = YES;
				CLANG_WARN_DIRECT_OBJC_ISA_USAGE = YES_ERROR;
				CLANG_WARN_DOCUMENTATION_COMMENTS = YES;
				CLANG_WARN_EMPTY_BODY = YES;
				CLANG_WARN_ENUM_CONVERSION = YES;
				CLANG_WARN_INFINITE_RECURSION = YES;
				CLANG_WARN_INT_CONVERSION = YES;
				CLANG_WARN_NON_LITERAL_NULL_CONVERSION = YES;
				CLANG_WARN_OBJC_IMPLICIT_RETAIN_SELF = YES;
				CLANG_WARN_OBJC_LITERAL_CONVERSION = YES;
				CLANG_WARN_OBJC_ROOT_CLASS = YES_ERROR;
				CLANG_WARN_RANGE_LOOP_ANALYSIS = YES;
				CLANG_WARN_STRICT_PROTOTYPES = YES;
				CLANG_WARN_SUSPICIOUS_MOVE = YES;
				CLANG_WARN_UNGUARDED_AVAILABILITY = YES_AGGRESSIVE;
				CLANG_WARN_UNREACHABLE_CODE = YES;
				CLANG_WARN__DUPLICATE_METHOD_MATCH = YES;
				COPY_PHASE_STRIP = NO;
				DEBUG_INFORMATION_FORMAT = "dwarf-with-dsym";
				ENABLE_NS_ASSERTIONS = NO;
				ENABLE_STRICT_OBJC_MSGSEND = YES;
				GCC_C_LANGUAGE_STANDARD = gnu11;
				GCC_NO_COMMON_BLOCKS = YES;
				GCC_WARN_64_TO_32_BIT_CONVERSION = YES;
				GCC_WARN_ABOUT_RETURN_TYPE = YES_ERROR;
				GCC_WARN_UNDECLARED_SELECTOR = YES;
				GCC_WARN_UNINITIALIZED_AUTOS = YES_AGGRESSIVE;
				GCC_WARN_UNUSED_FUNCTION = YES;
				GCC_WARN_UNUSED_VARIABLE = YES;
				MTL_ENABLE_DEBUG_INFO = NO;
				MTL_FAST_MATH = YES;
				SDKROOT = iphoneos;
				SWIFT_COMPILATION_MODE = wholemodule;
				SWIFT_OPTIMIZATION_LEVEL = "-O";
				VALIDATE_PRODUCT = YES;
			};
			name = Release;
		};
		D0F1D26623F18EBB00194E58 /* Debug */ = {
			isa = XCBuildConfiguration;
			buildSettings = {
				ASSETCATALOG_COMPILER_COMPLICATION_NAME = Complication;
				CODE_SIGN_STYLE = Automatic;
				DEVELOPMENT_ASSET_PATHS = "\"GridStackExampleWatchOS WatchKit Extension/Preview Content\"";
				DEVELOPMENT_TEAM = 955V2JRSE3;
				ENABLE_PREVIEWS = YES;
				INFOPLIST_FILE = "GridStackExampleWatchOS WatchKit Extension/Info.plist";
				LD_RUNPATH_SEARCH_PATHS = (
					"$(inherited)",
					"@executable_path/Frameworks",
					"@executable_path/../../Frameworks",
				);
				PRODUCT_BUNDLE_IDENTIFIER = com.peterminarik.GridStackExampleWatchOS.watchkitapp.watchkitextension;
				PRODUCT_NAME = "${TARGET_NAME}";
				SDKROOT = watchos;
				SKIP_INSTALL = YES;
				SWIFT_VERSION = 5.0;
				TARGETED_DEVICE_FAMILY = 4;
				WATCHOS_DEPLOYMENT_TARGET = 6.1;
			};
			name = Debug;
		};
		D0F1D26723F18EBB00194E58 /* Release */ = {
			isa = XCBuildConfiguration;
			buildSettings = {
				ASSETCATALOG_COMPILER_COMPLICATION_NAME = Complication;
				CODE_SIGN_STYLE = Automatic;
				DEVELOPMENT_ASSET_PATHS = "\"GridStackExampleWatchOS WatchKit Extension/Preview Content\"";
				DEVELOPMENT_TEAM = 955V2JRSE3;
				ENABLE_PREVIEWS = YES;
				INFOPLIST_FILE = "GridStackExampleWatchOS WatchKit Extension/Info.plist";
				LD_RUNPATH_SEARCH_PATHS = (
					"$(inherited)",
					"@executable_path/Frameworks",
					"@executable_path/../../Frameworks",
				);
				PRODUCT_BUNDLE_IDENTIFIER = com.peterminarik.GridStackExampleWatchOS.watchkitapp.watchkitextension;
				PRODUCT_NAME = "${TARGET_NAME}";
				SDKROOT = watchos;
				SKIP_INSTALL = YES;
				SWIFT_VERSION = 5.0;
				TARGETED_DEVICE_FAMILY = 4;
				WATCHOS_DEPLOYMENT_TARGET = 6.1;
			};
			name = Release;
		};
		D0F1D26A23F18EBB00194E58 /* Debug */ = {
			isa = XCBuildConfiguration;
			buildSettings = {
				ALWAYS_EMBED_SWIFT_STANDARD_LIBRARIES = YES;
				ASSETCATALOG_COMPILER_APPICON_NAME = AppIcon;
				CODE_SIGN_STYLE = Automatic;
				DEVELOPMENT_TEAM = 955V2JRSE3;
				IBSC_MODULE = GridStackExampleWatchOS_WatchKit_Extension;
				INFOPLIST_FILE = "GridStackExampleWatchOS WatchKit App/Info.plist";
				PRODUCT_BUNDLE_IDENTIFIER = com.peterminarik.GridStackExampleWatchOS.watchkitapp;
				PRODUCT_NAME = "$(TARGET_NAME)";
				SDKROOT = watchos;
				SKIP_INSTALL = YES;
				SWIFT_VERSION = 5.0;
				TARGETED_DEVICE_FAMILY = 4;
				WATCHOS_DEPLOYMENT_TARGET = 6.1;
			};
			name = Debug;
		};
		D0F1D26B23F18EBB00194E58 /* Release */ = {
			isa = XCBuildConfiguration;
			buildSettings = {
				ALWAYS_EMBED_SWIFT_STANDARD_LIBRARIES = YES;
				ASSETCATALOG_COMPILER_APPICON_NAME = AppIcon;
				CODE_SIGN_STYLE = Automatic;
				DEVELOPMENT_TEAM = 955V2JRSE3;
				IBSC_MODULE = GridStackExampleWatchOS_WatchKit_Extension;
				INFOPLIST_FILE = "GridStackExampleWatchOS WatchKit App/Info.plist";
				PRODUCT_BUNDLE_IDENTIFIER = com.peterminarik.GridStackExampleWatchOS.watchkitapp;
				PRODUCT_NAME = "$(TARGET_NAME)";
				SDKROOT = watchos;
				SKIP_INSTALL = YES;
				SWIFT_VERSION = 5.0;
				TARGETED_DEVICE_FAMILY = 4;
				WATCHOS_DEPLOYMENT_TARGET = 6.1;
			};
			name = Release;
		};
		D0F1D26E23F18EBB00194E58 /* Debug */ = {
			isa = XCBuildConfiguration;
			buildSettings = {
				CODE_SIGN_STYLE = Automatic;
				CURRENT_PROJECT_VERSION = 1;
				DEVELOPMENT_TEAM = 955V2JRSE3;
				MARKETING_VERSION = 1.0;
				PRODUCT_BUNDLE_IDENTIFIER = com.peterminarik.GridStackExampleWatchOS;
				PRODUCT_NAME = "$(TARGET_NAME)";
				SWIFT_VERSION = 5.0;
			};
			name = Debug;
		};
		D0F1D26F23F18EBB00194E58 /* Release */ = {
			isa = XCBuildConfiguration;
			buildSettings = {
				CODE_SIGN_STYLE = Automatic;
				CURRENT_PROJECT_VERSION = 1;
				DEVELOPMENT_TEAM = 955V2JRSE3;
				MARKETING_VERSION = 1.0;
				PRODUCT_BUNDLE_IDENTIFIER = com.peterminarik.GridStackExampleWatchOS;
				PRODUCT_NAME = "$(TARGET_NAME)";
				SWIFT_VERSION = 5.0;
			};
			name = Release;
		};
/* End XCBuildConfiguration section */

/* Begin XCConfigurationList section */
		D0F1D23C23F18EB800194E58 /* Build configuration list for PBXProject "GridStackExampleWatchOS" */ = {
			isa = XCConfigurationList;
			buildConfigurations = (
				D0F1D26323F18EBB00194E58 /* Debug */,
				D0F1D26423F18EBB00194E58 /* Release */,
			);
			defaultConfigurationIsVisible = 0;
			defaultConfigurationName = Release;
		};
		D0F1D26523F18EBB00194E58 /* Build configuration list for PBXNativeTarget "GridStackExampleWatchOS WatchKit Extension" */ = {
			isa = XCConfigurationList;
			buildConfigurations = (
				D0F1D26623F18EBB00194E58 /* Debug */,
				D0F1D26723F18EBB00194E58 /* Release */,
			);
			defaultConfigurationIsVisible = 0;
			defaultConfigurationName = Release;
		};
		D0F1D26923F18EBB00194E58 /* Build configuration list for PBXNativeTarget "GridStackExampleWatchOS WatchKit App" */ = {
			isa = XCConfigurationList;
			buildConfigurations = (
				D0F1D26A23F18EBB00194E58 /* Debug */,
				D0F1D26B23F18EBB00194E58 /* Release */,
			);
			defaultConfigurationIsVisible = 0;
			defaultConfigurationName = Release;
		};
		D0F1D26D23F18EBB00194E58 /* Build configuration list for PBXNativeTarget "GridStackExampleWatchOS" */ = {
			isa = XCConfigurationList;
			buildConfigurations = (
				D0F1D26E23F18EBB00194E58 /* Debug */,
				D0F1D26F23F18EBB00194E58 /* Release */,
			);
			defaultConfigurationIsVisible = 0;
			defaultConfigurationName = Release;
		};
/* End XCConfigurationList section */

/* Begin XCSwiftPackageProductDependency section */
		D0F1D27223F18F3F00194E58 /* GridStack */ = {
			isa = XCSwiftPackageProductDependency;
			productName = GridStack;
		};
/* End XCSwiftPackageProductDependency section */
	};
	rootObject = D0F1D23923F18EB800194E58 /* Project object */;
}
