{
  "object": {
    "pins": [
      {
        "package": "GridStack",
        "repositoryURL": "/Users/peter/dev/personal/GridStack",
        "state": {
          "branch": "master",
          "revision": "f153aa57434d473a7c926b6414e78bb4939017d3",
          "version": null
        }
      }
    ]
  },
  "version": 1
}
