// !$*UTF8*$!
{
	archiveVersion = 1;
	classes = {
	};
	objectVersion = 52;
	objects = {

/* Begin PBXBuildFile section */
		D020657E239E42B000FB3F3E /* AppDelegate.swift in Sources */ = {isa = PBXBuildFile; fileRef = D020657D239E42B000FB3F3E /* AppDelegate.swift */; };
		D0206580239E42B000FB3F3E /* ContentView.swift in Sources */ = {isa = PBXBuildFile; fileRef = D020657F239E42B000FB3F3E /* ContentView.swift */; };
		D0206582239E42B100FB3F3E /* Assets.xcassets in Resources */ = {isa = PBXBuildFile; fileRef = D0206581239E42B100FB3F3E /* Assets.xcassets */; };
		D0206585239E42B100FB3F3E /* Preview Assets.xcassets in Resources */ = {isa = PBXBuildFile; fileRef = D0206584239E42B100FB3F3E /* Preview Assets.xcassets */; };
		D0206588239E42B100FB3F3E /* Main.storyboard in Resources */ = {isa = PBXBuildFile; fileRef = D0206586239E42B100FB3F3E /* Main.storyboard */; };
		D0F1D22F23F18AE500194E58 /* GridStack in Frameworks */ = {isa = PBXBuildFile; productRef = D0F1D22E23F18AE500194E58 /* GridStack */; };
/* End PBXBuildFile section */

/* Begin PBXFileReference section */
		D020657A239E42B000FB3F3E /* GridStackExampleMac.app */ = {isa = PBXFileReference; explicitFileType = wrapper.application; includeInIndex = 0; path = GridStackExampleMac.app; sourceTree = BUILT_PRODUCTS_DIR; };
		D020657D239E42B000FB3F3E /* AppDelegate.swift */ = {isa = PBXFileReference; lastKnownFileType = sourcecode.swift; path = AppDelegate.swift; sourceTree = "<group>"; };
		D020657F239E42B000FB3F3E /* ContentView.swift */ = {isa = PBXFileReference; lastKnownFileType = sourcecode.swift; path = ContentView.swift; sourceTree = "<group>"; };
		D0206581239E42B100FB3F3E /* Assets.xcassets */ = {isa = PBXFileReference; lastKnownFileType = folder.assetcatalog; path = Assets.xcassets; sourceTree = "<group>"; };
		D0206584239E42B100FB3F3E /* Preview Assets.xcassets */ = {isa = PBXFileReference; lastKnownFileType = folder.assetcatalog; path = "Preview Assets.xcassets"; sourceTree = "<group>"; };
		D0206587239E42B100FB3F3E /* Base */ = {isa = PBXFileReference; lastKnownFileType = file.storyboard; name = Base; path = Base.lproj/Main.storyboard; sourceTree = "<group>"; };
		D0206589239E42B100FB3F3E /* Info.plist */ = {isa = PBXFileReference; lastKnownFileType = text.plist.xml; path = Info.plist; sourceTree = "<group>"; };
		D020658A239E42B100FB3F3E /* GridStackExampleMac.entitlements */ = {isa = PBXFileReference; lastKnownFileType = text.plist.entitlements; path = GridStackExampleMac.entitlements; sourceTree = "<group>"; };
		D0F1D22C23F18AA200194E58 /* GridStack */ = {isa = PBXFileReference; lastKnownFileType = folder; name = GridStack; path = ../..; sourceTree = "<group>"; };
/* End PBXFileReference section */

/* Begin PBXFrameworksBuildPhase section */
		D0206577239E42B000FB3F3E /* Frameworks */ = {
			isa = PBXFrameworksBuildPhase;
			buildActionMask = 2147483647;
			files = (
				D0F1D22F23F18AE500194E58 /* GridStack in Frameworks */,
			);
			runOnlyForDeploymentPostprocessing = 0;
		};
/* End PBXFrameworksBuildPhase section */

/* Begin PBXGroup section */
		D0206571239E42B000FB3F3E = {
			isa = PBXGroup;
			children = (
				D020657C239E42B000FB3F3E /* GridStackExampleMac */,
				D0F1D22C23F18AA200194E58 /* GridStack */,
				D020657B239E42B000FB3F3E /* Products */,
				D0F1D22D23F18AE500194E58 /* Frameworks */,
			);
			sourceTree = "<group>";
		};
		D020657B239E42B000FB3F3E /* Products */ = {
			isa = PBXGroup;
			children = (
				D020657A239E42B000FB3F3E /* GridStackExampleMac.app */,
			);
			name = Products;
			sourceTree = "<group>";
		};
		D020657C239E42B000FB3F3E /* GridStackExampleMac */ = {
			isa = PBXGroup;
			children = (
				D020657D239E42B000FB3F3E /* AppDelegate.swift */,
				D020657F239E42B000FB3F3E /* ContentView.swift */,
				D0206581239E42B100FB3F3E /* Assets.xcassets */,
				D0206586239E42B100FB3F3E /* Main.storyboard */,
				D0206589239E42B100FB3F3E /* Info.plist */,
				D020658A239E42B100FB3F3E /* GridStackExampleMac.entitlements */,
				D0206583239E42B100FB3F3E /* Preview Content */,
			);
			path = GridStackExampleMac;
			sourceTree = "<group>";
		};
		D0206583239E42B100FB3F3E /* Preview Content */ = {
			isa = PBXGroup;
			children = (
				D0206584239E42B100FB3F3E /* Preview Assets.xcassets */,
			);
			path = "Preview Content";
			sourceTree = "<group>";
		};
		D0F1D22D23F18AE500194E58 /* Frameworks */ = {
			isa = PBXGroup;
			children = (
			);
			name = Frameworks;
			sourceTree = "<group>";
		};
/* End PBXGroup section */

/* Begin PBXNativeTarget section */
		D0206579239E42B000FB3F3E /* GridStackExampleMac */ = {
			isa = PBXNativeTarget;
			buildConfigurationList = D020658D239E42B100FB3F3E /* Build configuration list for PBXNativeTarget "GridStackExampleMac" */;
			buildPhases = (
				D0206576239E42B000FB3F3E /* Sources */,
				D0206577239E42B000FB3F3E /* Frameworks */,
				D0206578239E42B000FB3F3E /* Resources */,
			);
			buildRules = (
			);
			dependencies = (
			);
			name = GridStackExampleMac;
			packageProductDependencies = (
				D0F1D22E23F18AE500194E58 /* GridStack */,
			);
			productName = GridStackExampleMac;
			productReference = D020657A239E42B000FB3F3E /* GridStackExampleMac.app */;
			productType = "com.apple.product-type.application";
		};
/* End PBXNativeTarget section */

/* Begin PBXProject section */
		D0206572239E42B000FB3F3E /* Project object */ = {
			isa = PBXProject;
			attributes = {
				LastSwiftUpdateCheck = 1120;
				LastUpgradeCheck = 1120;
				ORGANIZATIONNAME = "Peter Minarik";
				TargetAttributes = {
					D0206579239E42B000FB3F3E = {
						CreatedOnToolsVersion = 11.2.1;
					};
				};
			};
			buildConfigurationList = D0206575239E42B000FB3F3E /* Build configuration list for PBXProject "GridStackExampleMac" */;
			compatibilityVersion = "Xcode 9.3";
			developmentRegion = en;
			hasScannedForEncodings = 0;
			knownRegions = (
				en,
				Base,
			);
			mainGroup = D0206571239E42B000FB3F3E;
			packageReferences = (
			);
			productRefGroup = D020657B239E42B000FB3F3E /* Products */;
			projectDirPath = "";
			projectRoot = "";
			targets = (
				D0206579239E42B000FB3F3E /* GridStackExampleMac */,
			);
		};
/* End PBXProject section */

/* Begin PBXResourcesBuildPhase section */
		D0206578239E42B000FB3F3E /* Resources */ = {
			isa = PBXResourcesBuildPhase;
			buildActionMask = 2147483647;
			files = (
				D0206588239E42B100FB3F3E /* Main.storyboard in Resources */,
				D0206585239E42B100FB3F3E /* Preview Assets.xcassets in Resources */,
				D0206582239E42B100FB3F3E /* Assets.xcassets in Resources */,
			);
			runOnlyForDeploymentPostprocessing = 0;
		};
/* End PBXResourcesBuildPhase section */

/* Begin PBXSourcesBuildPhase section */
		D0206576239E42B000FB3F3E /* Sources */ = {
			isa = PBXSourcesBuildPhase;
			buildActionMask = 2147483647;
			files = (
				D0206580239E42B000FB3F3E /* ContentView.swift in Sources */,
				D020657E239E42B000FB3F3E /* AppDelegate.swift in Sources */,
			);
			runOnlyForDeploymentPostprocessing = 0;
		};
/* End PBXSourcesBuildPhase section */

/* Begin PBXVariantGroup section */
		D0206586239E42B100FB3F3E /* Main.storyboard */ = {
			isa = PBXVariantGroup;
			children = (
				D0206587239E42B100FB3F3E /* Base */,
			);
			name = Main.storyboard;
			sourceTree = "<group>";
		};
/* End PBXVariantGroup section */

/* Begin XCBuildConfiguration section */
		D020658B239E42B100FB3F3E /* Debug */ = {
			isa = XCBuildConfiguration;
			buildSettings = {
				ALWAYS_SEARCH_USER_PATHS = NO;
				CLANG_ANALYZER_NONNULL = YES;
				CLANG_ANALYZER_NUMBER_OBJECT_CONVERSION = YES_AGGRESSIVE;
				CLANG_CXX_LANGUAGE_STANDARD = "gnu++14";
				CLANG_CXX_LIBRARY = "libc++";
				CLANG_ENABLE_MODULES = YES;
				CLANG_ENABLE_OBJC_ARC = YES;
				CLANG_ENABLE_OBJC_WEAK = YES;
				CLANG_WARN_BLOCK_CAPTURE_AUTORELEASING = YES;
				CLANG_WARN_BOOL_CONVERSION = YES;
				CLANG_WARN_COMMA = YES;
				CLANG_WARN_CONSTANT_CONVERSION = YES;
				CLANG_WARN_DEPRECATED_OBJC_IMPLEMENTATIONS = YES;
				CLANG_WARN_DIRECT_OBJC_ISA_USAGE = YES_ERROR;
				CLANG_WARN_DOCUMENTATION_COMMENTS = YES;
				CLANG_WARN_EMPTY_BODY = YES;
				CLANG_WARN_ENUM_CONVERSION = YES;
				CLANG_WARN_INFINITE_RECURSION = YES;
				CLANG_WARN_INT_CONVERSION = YES;
				CLANG_WARN_NON_LITERAL_NULL_CONVERSION = YES;
				CLANG_WARN_OBJC_IMPLICIT_RETAIN_SELF = YES;
				CLANG_WARN_OBJC_LITERAL_CONVERSION = YES;
				CLANG_WARN_OBJC_ROOT_CLASS = YES_ERROR;
				CLANG_WARN_RANGE_LOOP_ANALYSIS = YES;
				CLANG_WARN_STRICT_PROTOTYPES = YES;
				CLANG_WARN_SUSPICIOUS_MOVE = YES;
				CLANG_WARN_UNGUARDED_AVAILABILITY = YES_AGGRESSIVE;
				CLANG_WARN_UNREACHABLE_CODE = YES;
				CLANG_WARN__DUPLICATE_METHOD_MATCH = YES;
				COPY_PHASE_STRIP = NO;
				DEBUG_INFORMATION_FORMAT = dwarf;
				ENABLE_STRICT_OBJC_MSGSEND = YES;
				ENABLE_TESTABILITY = YES;
				GCC_C_LANGUAGE_STANDARD = gnu11;
				GCC_DYNAMIC_NO_PIC = NO;
				GCC_NO_COMMON_BLOCKS = YES;
				GCC_OPTIMIZATION_LEVEL = 0;
				GCC_PREPROCESSOR_DEFINITIONS = (
					"DEBUG=1",
					"$(inherited)",
				);
				GCC_WARN_64_TO_32_BIT_CONVERSION = YES;
				GCC_WARN_ABOUT_RETURN_TYPE = YES_ERROR;
				GCC_WARN_UNDECLARED_SELECTOR = YES;
				GCC_WARN_UNINITIALIZED_AUTOS = YES_AGGRESSIVE;
				GCC_WARN_UNUSED_FUNCTION = YES;
				GCC_WARN_UNUSED_VARIABLE = YES;
				MACOSX_DEPLOYMENT_TARGET = 10.14;
				MTL_ENABLE_DEBUG_INFO = INCLUDE_SOURCE;
				MTL_FAST_MATH = YES;
				ONLY_ACTIVE_ARCH = YES;
				SDKROOT = macosx;
				SWIFT_ACTIVE_COMPILATION_CONDITIONS = DEBUG;
				SWIFT_OPTIMIZATION_LEVEL = "-Onone";
			};
			name = Debug;
		};
		D020658C239E42B100FB3F3E /* Release */ = {
			isa = XCBuildConfiguration;
			buildSettings = {
				ALWAYS_SEARCH_USER_PATHS = NO;
				CLANG_ANALYZER_NONNULL = YES;
				CLANG_ANALYZER_NUMBER_OBJECT_CONVERSION = YES_AGGRESSIVE;
				CLANG_CXX_LANGUAGE_STANDARD = "gnu++14";
				CLANG_CXX_LIBRARY = "libc++";
				CLANG_ENABLE_MODULES = YES;
				CLANG_ENABLE_OBJC_ARC = YES;
				CLANG_ENABLE_OBJC_WEAK = YES;
				CLANG_WARN_BLOCK_CAPTURE_AUTORELEASING = YES;
				CLANG_WARN_BOOL_CONVERSION = YES;
				CLANG_WARN_COMMA = YES;
				CLANG_WARN_CONSTANT_CONVERSION = YES;
				CLANG_WARN_DEPRECATED_OBJC_IMPLEMENTATIONS = YES;
				CLANG_WARN_DIRECT_OBJC_ISA_USAGE = YES_ERROR;
				CLANG_WARN_DOCUMENTATION_COMMENTS = YES;
				CLANG_WARN_EMPTY_BODY = YES;
				CLANG_WARN_ENUM_CONVERSION = YES;
				CLANG_WARN_INFINITE_RECURSION = YES;
				CLANG_WARN_INT_CONVERSION = YES;
				CLANG_WARN_NON_LITERAL_NULL_CONVERSION = YES;
				CLANG_WARN_OBJC_IMPLICIT_RETAIN_SELF = YES;
				CLANG_WARN_OBJC_LITERAL_CONVERSION = YES;
				CLANG_WARN_OBJC_ROOT_CLASS = YES_ERROR;
				CLANG_WARN_RANGE_LOOP_ANALYSIS = YES;
				CLANG_WARN_STRICT_PROTOTYPES = YES;
				CLANG_WARN_SUSPICIOUS_MOVE = YES;
				CLANG_WARN_UNGUARDED_AVAILABILITY = YES_AGGRESSIVE;
				CLANG_WARN_UNREACHABLE_CODE = YES;
				CLANG_WARN__DUPLICATE_METHOD_MATCH = YES;
				COPY_PHASE_STRIP = NO;
				DEBUG_INFORMATION_FORMAT = "dwarf-with-dsym";
				ENABLE_NS_ASSERTIONS = NO;
				ENABLE_STRICT_OBJC_MSGSEND = YES;
				GCC_C_LANGUAGE_STANDARD = gnu11;
				GCC_NO_COMMON_BLOCKS = YES;
				GCC_WARN_64_TO_32_BIT_CONVERSION = YES;
				GCC_WARN_ABOUT_RETURN_TYPE = YES_ERROR;
				GCC_WARN_UNDECLARED_SELECTOR = YES;
				GCC_WARN_UNINITIALIZED_AUTOS = YES_AGGRESSIVE;
				GCC_WARN_UNUSED_FUNCTION = YES;
				GCC_WARN_UNUSED_VARIABLE = YES;
				MACOSX_DEPLOYMENT_TARGET = 10.14;
				MTL_ENABLE_DEBUG_INFO = NO;
				MTL_FAST_MATH = YES;
				SDKROOT = macosx;
				SWIFT_COMPILATION_MODE = wholemodule;
				SWIFT_OPTIMIZATION_LEVEL = "-O";
			};
			name = Release;
		};
		D020658E239E42B100FB3F3E /* Debug */ = {
			isa = XCBuildConfiguration;
			buildSettings = {
				ASSETCATALOG_COMPILER_APPICON_NAME = AppIcon;
				CODE_SIGN_ENTITLEMENTS = GridStackExampleMac/GridStackExampleMac.entitlements;
				CODE_SIGN_STYLE = Automatic;
				COMBINE_HIDPI_IMAGES = YES;
				DEVELOPMENT_ASSET_PATHS = "\"GridStackExampleMac/Preview Content\"";
				DEVELOPMENT_TEAM = XR36XXUPD3;
				ENABLE_HARDENED_RUNTIME = YES;
				ENABLE_PREVIEWS = YES;
				INFOPLIST_FILE = GridStackExampleMac/Info.plist;
				LD_RUNPATH_SEARCH_PATHS = (
					"$(inherited)",
					"@executable_path/../Frameworks",
				);
				MACOSX_DEPLOYMENT_TARGET = 10.15;
				PRODUCT_BUNDLE_IDENTIFIER = com.peterminarik.GridStackExampleMac;
				PRODUCT_NAME = "$(TARGET_NAME)";
				SWIFT_VERSION = 5.0;
			};
			name = Debug;
		};
		D020658F239E42B100FB3F3E /* Release */ = {
			isa = XCBuildConfiguration;
			buildSettings = {
				ASSETCATALOG_COMPILER_APPICON_NAME = AppIcon;
				CODE_SIGN_ENTITLEMENTS = GridStackExampleMac/GridStackExampleMac.entitlements;
				CODE_SIGN_STYLE = Automatic;
				COMBINE_HIDPI_IMAGES = YES;
				DEVELOPMENT_ASSET_PATHS = "\"GridStackExampleMac/Preview Content\"";
				DEVELOPMENT_TEAM = XR36XXUPD3;
				ENABLE_HARDENED_RUNTIME = YES;
				ENABLE_PREVIEWS = YES;
				INFOPLIST_FILE = GridStackExampleMac/Info.plist;
				LD_RUNPATH_SEARCH_PATHS = (
					"$(inherited)",
					"@executable_path/../Frameworks",
				);
				MACOSX_DEPLOYMENT_TARGET = 10.15;
				PRODUCT_BUNDLE_IDENTIFIER = com.peterminarik.GridStackExampleMac;
				PRODUCT_NAME = "$(TARGET_NAME)";
				SWIFT_VERSION = 5.0;
			};
			name = Release;
		};
/* End XCBuildConfiguration section */

/* Begin XCConfigurationList section */
		D0206575239E42B000FB3F3E /* Build configuration list for PBXProject "GridStackExampleMac" */ = {
			isa = XCConfigurationList;
			buildConfigurations = (
				D020658B239E42B100FB3F3E /* Debug */,
				D020658C239E42B100FB3F3E /* Release */,
			);
			defaultConfigurationIsVisible = 0;
			defaultConfigurationName = Release;
		};
		D020658D239E42B100FB3F3E /* Build configuration list for PBXNativeTarget "GridStackExampleMac" */ = {
			isa = XCConfigurationList;
			buildConfigurations = (
				D020658E239E42B100FB3F3E /* Debug */,
				D020658F239E42B100FB3F3E /* Release */,
			);
			defaultConfigurationIsVisible = 0;
			defaultConfigurationName = Release;
		};
/* End XCConfigurationList section */

/* Begin XCSwiftPackageProductDependency section */
		D0F1D22E23F18AE500194E58 /* GridStack */ = {
			isa = XCSwiftPackageProductDependency;
			productName = GridStack;
		};
/* End XCSwiftPackageProductDependency section */
	};
	rootObject = D0206572239E42B000FB3F3E /* Project object */;
}
